
Microsoft Visual Studio Solution File, Format Version 12.00
# Visual Studio 15
VisualStudioVersion = 15.0.28307.136
MinimumVisualStudioVersion = 10.0.40219.1
Project("{2150E333-8FDC-42A3-9474-1A3956D46DE8}") = "DomainLayer", "DomainLayer", "{D821D7C0-8D7C-4918-87EB-37C86F4B6F8D}"
EndProject
Project("{2150E333-8FDC-42A3-9474-1A3956D46DE8}") = "DataLayer", "DataLayer", "{63E3F34E-6B90-4B28-83FA-2BCC58E2ACC9}"
EndProject
Project("{2150E333-8FDC-42A3-9474-1A3956D46DE8}") = "UserInterfaces", "UserInterfaces", "{34778D7E-7459-493E-A3A2-FAF65D0A897D}"
EndProject
Project("{2150E333-8FDC-42A3-9474-1A3956D46DE8}") = "docs", "docs", "{40837AB6-4C25-4F43-BFA9-16F527AAAFA6}"
EndProject
Project("{2150E333-8FDC-42A3-9474-1A3956D46DE8}") = "sources", "sources", "{E6771A75-65A4-4A66-B8B4-61070B09ABE0}"
EndProject
Project("{2150E333-8FDC-42A3-9474-1A3956D46DE8}") = "DomainModel", "DomainModel", "{C372E54C-D19D-4AD3-81B7-C8FBB2BCE779}"
EndProject
Project("{2150E333-8FDC-42A3-9474-1A3956D46DE8}") = "ServiceLayer", "ServiceLayer", "{D5AFD5CF-5241-4C73-8674-8D30642AC352}"
EndProject
Project("{2150E333-8FDC-42A3-9474-1A3956D46DE8}") = "Console", "Console", "{D47B8ED3-44B1-4ABF-BF01-B1732CE2A6DB}"
EndProject
Project("{FAE04EC0-301F-11D3-BF4B-00C04F79EFBC}") = "DataMapper", "DataMapper\DataMapper.csproj", "{DC3292AC-B405-4711-B523-3368F0DA212B}"
EndProject
Project("{FAE04EC0-301F-11D3-BF4B-00C04F79EFBC}") = "DomainModel", "DomainModel\DomainModel.csproj", "{A728C6F8-46A4-4D0A-9A85-B0B90B5B9710}"
EndProject
Project("{FAE04EC0-301F-11D3-BF4B-00C04F79EFBC}") = "LibraryManagementApp", "LibraryManagementApp\LibraryManagementApp.csproj", "{626E238E-6A3D-425D-9492-E1366B3A16BC}"
EndProject
Project("{FAE04EC0-301F-11D3-BF4B-00C04F79EFBC}") = "TestDomainModel", "TestDomainModel\TestDomainModel.csproj", "{8EDF4429-251A-416D-BB68-93F227191BCF}"
EndProject
Project("{FAE04EC0-301F-11D3-BF4B-00C04F79EFBC}") = "Services", "Services\Services.csproj", "{F14A9ABA-C6A4-408C-91CE-CCA70E0F9337}"
EndProject
Project("{FAE04EC0-301F-11D3-BF4B-00C04F79EFBC}") = "TestServices", "TestServices\TestServices.csproj", "{4B7FFE8C-8995-404A-B380-EF5669D3D4DA}"
EndProject
Global
	GlobalSection(SolutionConfigurationPlatforms) = preSolution
		Debug|Any CPU = Debug|Any CPU
		Release|Any CPU = Release|Any CPU
	EndGlobalSection
	GlobalSection(ProjectConfigurationPlatforms) = postSolution
		{DC3292AC-B405-4711-B523-3368F0DA212B}.Debug|Any CPU.ActiveCfg = Debug|Any CPU
		{DC3292AC-B405-4711-B523-3368F0DA212B}.Debug|Any CPU.Build.0 = Debug|Any CPU
		{DC3292AC-B405-4711-B523-3368F0DA212B}.Release|Any CPU.ActiveCfg = Release|Any CPU
		{DC3292AC-B405-4711-B523-3368F0DA212B}.Release|Any CPU.Build.0 = Release|Any CPU
		{A728C6F8-46A4-4D0A-9A85-B0B90B5B9710}.Debug|Any CPU.ActiveCfg = Debug|Any CPU
		{A728C6F8-46A4-4D0A-9A85-B0B90B5B9710}.Debug|Any CPU.Build.0 = Debug|Any CPU
		{A728C6F8-46A4-4D0A-9A85-B0B90B5B9710}.Release|Any CPU.ActiveCfg = Release|Any CPU
		{A728C6F8-46A4-4D0A-9A85-B0B90B5B9710}.Release|Any CPU.Build.0 = Release|Any CPU
		{626E238E-6A3D-425D-9492-E1366B3A16BC}.Debug|Any CPU.ActiveCfg = Debug|Any CPU
		{626E238E-6A3D-425D-9492-E1366B3A16BC}.Debug|Any CPU.Build.0 = Debug|Any CPU
		{626E238E-6A3D-425D-9492-E1366B3A16BC}.Release|Any CPU.ActiveCfg = Release|Any CPU
		{626E238E-6A3D-425D-9492-E1366B3A16BC}.Release|Any CPU.Build.0 = Release|Any CPU
		{8EDF4429-251A-416D-BB68-93F227191BCF}.Debug|Any CPU.ActiveCfg = Debug|Any CPU
		{8EDF4429-251A-416D-BB68-93F227191BCF}.Debug|Any CPU.Build.0 = Debug|Any CPU
		{8EDF4429-251A-416D-BB68-93F227191BCF}.Release|Any CPU.ActiveCfg = Release|Any CPU
		{8EDF4429-251A-416D-BB68-93F227191BCF}.Release|Any CPU.Build.0 = Release|Any CPU
		{F14A9ABA-C6A4-408C-91CE-CCA70E0F9337}.Debug|Any CPU.ActiveCfg = Debug|Any CPU
		{F14A9ABA-C6A4-408C-91CE-CCA70E0F9337}.Debug|Any CPU.Build.0 = Debug|Any CPU
		{F14A9ABA-C6A4-408C-91CE-CCA70E0F9337}.Release|Any CPU.ActiveCfg = Release|Any CPU
		{F14A9ABA-C6A4-408C-91CE-CCA70E0F9337}.Release|Any CPU.Build.0 = Release|Any CPU
		{4B7FFE8C-8995-404A-B380-EF5669D3D4DA}.Debug|Any CPU.ActiveCfg = Debug|Any CPU
		{4B7FFE8C-8995-404A-B380-EF5669D3D4DA}.Debug|Any CPU.Build.0 = Debug|Any CPU
		{4B7FFE8C-8995-404A-B380-EF5669D3D4DA}.Release|Any CPU.ActiveCfg = Release|Any CPU
		{4B7FFE8C-8995-404A-B380-EF5669D3D4DA}.Release|Any CPU.Build.0 = Release|Any CPU
	EndGlobalSection
	GlobalSection(SolutionProperties) = preSolution
		HideSolutionNode = FALSE
	EndGlobalSection
	GlobalSection(NestedProjects) = preSolution
		{D821D7C0-8D7C-4918-87EB-37C86F4B6F8D} = {E6771A75-65A4-4A66-B8B4-61070B09ABE0}
		{63E3F34E-6B90-4B28-83FA-2BCC58E2ACC9} = {E6771A75-65A4-4A66-B8B4-61070B09ABE0}
		{34778D7E-7459-493E-A3A2-FAF65D0A897D} = {E6771A75-65A4-4A66-B8B4-61070B09ABE0}
		{C372E54C-D19D-4AD3-81B7-C8FBB2BCE779} = {D821D7C0-8D7C-4918-87EB-37C86F4B6F8D}
		{D5AFD5CF-5241-4C73-8674-8D30642AC352} = {D821D7C0-8D7C-4918-87EB-37C86F4B6F8D}
		{D47B8ED3-44B1-4ABF-BF01-B1732CE2A6DB} = {34778D7E-7459-493E-A3A2-FAF65D0A897D}
		{DC3292AC-B405-4711-B523-3368F0DA212B} = {63E3F34E-6B90-4B28-83FA-2BCC58E2ACC9}
		{A728C6F8-46A4-4D0A-9A85-B0B90B5B9710} = {C372E54C-D19D-4AD3-81B7-C8FBB2BCE779}
		{626E238E-6A3D-425D-9492-E1366B3A16BC} = {D47B8ED3-44B1-4ABF-BF01-B1732CE2A6DB}
		{8EDF4429-251A-416D-BB68-93F227191BCF} = {C372E54C-D19D-4AD3-81B7-C8FBB2BCE779}
		{F14A9ABA-C6A4-408C-91CE-CCA70E0F9337} = {D5AFD5CF-5241-4C73-8674-8D30642AC352}
		{4B7FFE8C-8995-404A-B380-EF5669D3D4DA} = {D5AFD5CF-5241-4C73-8674-8D30642AC352}
	EndGlobalSection
	GlobalSection(ExtensibilityGlobals) = postSolution
		EnterpriseLibraryConfigurationToolBinariesPathV6 = packages\EnterpriseLibrary.Common.6.0.1304.0\lib\NET45;packages\EnterpriseLibrary.Validation.6.0.1304.0\lib\NET45
		SolutionGuid = {FA79A152-FDA6-4067-9E63-B5CC77A7858E}
	EndGlobalSection
EndGlobal
